
Microsoft Visual Studio Solution File, Format Version 12.00
# Visual Studio Version 16
VisualStudioVersion = 16.0.30907.101
MinimumVisualStudioVersion = 10.0.40219.1
Project("{FAE04EC0-301F-11D3-BF4B-00C04F79EFBC}") = "GrapecityBlog", "GrapecityBlog\GrapecityBlog.csproj", "{8A5CF97F-139F-46E7-B7E6-E56F10F8AC1F}"
EndProject
Global
	GlobalSection(SolutionConfigurationPlatforms) = preSolution
		Debug|Any CPU = Debug|Any CPU
		Release|Any CPU = Release|Any CPU
	EndGlobalSection
	GlobalSection(ProjectConfigurationPlatforms) = postSolution
		{8A5CF97F-139F-46E7-B7E6-E56F10F8AC1F}.Debug|Any CPU.ActiveCfg = Debug|Any CPU
		{8A5CF97F-139F-46E7-B7E6-E56F10F8AC1F}.Debug|Any CPU.Build.0 = Debug|Any CPU
		{8A5CF97F-139F-46E7-B7E6-E56F10F8AC1F}.Release|Any CPU.ActiveCfg = Release|Any CPU
		{8A5CF97F-139F-46E7-B7E6-E56F10F8AC1F}.Release|Any CPU.Build.0 = Release|Any CPU
	EndGlobalSection
	GlobalSection(SolutionProperties) = preSolution
		HideSolutionNode = FALSE
	EndGlobalSection
	GlobalSection(ExtensibilityGlobals) = postSolution
		SolutionGuid = {8119C71A-E1FC-4938-8CAF-3C9578358E02}
	EndGlobalSection
EndGlobal
